
Microsoft Visual Studio Solution File, Format Version 12.00
# Visual Studio Version 16
VisualStudioVersion = 16.0.29326.143
MinimumVisualStudioVersion = 10.0.40219.1
Project("{9A19103F-16F7-4668-BE54-9A1E7A4F7556}") = "SmartstaffApp", "SmartstaffApp\SmartstaffApp.csproj", "{98BD3344-255E-4025-A98F-3020F1260CE4}"
EndProject
Project("{9A19103F-16F7-4668-BE54-9A1E7A4F7556}") = "Repo", "Repo\Repo.csproj", "{A62B879B-0199-4BA4-92B7-F2B06BB9B313}"
EndProject
Project("{9A19103F-16F7-4668-BE54-9A1E7A4F7556}") = "DataLoader", "DataLoader\DataLoader.csproj", "{1019F8F9-606C-4065-8111-483D54F28D1C}"
EndProject
Project("{9A19103F-16F7-4668-BE54-9A1E7A4F7556}") = "GoogleSheetsWorker", "GoogleSheetsWorker\GoogleSheetsWorker.csproj", "{D7B2DF92-94F4-48E3-B248-715CAD489789}"
EndProject
Project("{FAE04EC0-301F-11D3-BF4B-00C04F79EFBC}") = "Business", "Business\Business.csproj", "{29D3C58F-3225-47F3-9A67-26C2B67F2F77}"
EndProject
Global
	GlobalSection(SolutionConfigurationPlatforms) = preSolution
		Debug|Any CPU = Debug|Any CPU
		Release|Any CPU = Release|Any CPU
	EndGlobalSection
	GlobalSection(ProjectConfigurationPlatforms) = postSolution
		{98BD3344-255E-4025-A98F-3020F1260CE4}.Debug|Any CPU.ActiveCfg = Debug|Any CPU
		{98BD3344-255E-4025-A98F-3020F1260CE4}.Debug|Any CPU.Build.0 = Debug|Any CPU
		{98BD3344-255E-4025-A98F-3020F1260CE4}.Release|Any CPU.ActiveCfg = Release|Any CPU
		{98BD3344-255E-4025-A98F-3020F1260CE4}.Release|Any CPU.Build.0 = Release|Any CPU
		{A62B879B-0199-4BA4-92B7-F2B06BB9B313}.Debug|Any CPU.ActiveCfg = Debug|Any CPU
		{A62B879B-0199-4BA4-92B7-F2B06BB9B313}.Debug|Any CPU.Build.0 = Debug|Any CPU
		{A62B879B-0199-4BA4-92B7-F2B06BB9B313}.Release|Any CPU.ActiveCfg = Release|Any CPU
		{A62B879B-0199-4BA4-92B7-F2B06BB9B313}.Release|Any CPU.Build.0 = Release|Any CPU
		{1019F8F9-606C-4065-8111-483D54F28D1C}.Debug|Any CPU.ActiveCfg = Debug|Any CPU
		{1019F8F9-606C-4065-8111-483D54F28D1C}.Debug|Any CPU.Build.0 = Debug|Any CPU
		{1019F8F9-606C-4065-8111-483D54F28D1C}.Release|Any CPU.ActiveCfg = Release|Any CPU
		{1019F8F9-606C-4065-8111-483D54F28D1C}.Release|Any CPU.Build.0 = Release|Any CPU
		{D7B2DF92-94F4-48E3-B248-715CAD489789}.Debug|Any CPU.ActiveCfg = Debug|Any CPU
		{D7B2DF92-94F4-48E3-B248-715CAD489789}.Debug|Any CPU.Build.0 = Debug|Any CPU
		{D7B2DF92-94F4-48E3-B248-715CAD489789}.Release|Any CPU.ActiveCfg = Release|Any CPU
		{D7B2DF92-94F4-48E3-B248-715CAD489789}.Release|Any CPU.Build.0 = Release|Any CPU
		{29D3C58F-3225-47F3-9A67-26C2B67F2F77}.Debug|Any CPU.ActiveCfg = Debug|Any CPU
		{29D3C58F-3225-47F3-9A67-26C2B67F2F77}.Debug|Any CPU.Build.0 = Debug|Any CPU
		{29D3C58F-3225-47F3-9A67-26C2B67F2F77}.Release|Any CPU.ActiveCfg = Release|Any CPU
		{29D3C58F-3225-47F3-9A67-26C2B67F2F77}.Release|Any CPU.Build.0 = Release|Any CPU
	EndGlobalSection
	GlobalSection(SolutionProperties) = preSolution
		HideSolutionNode = FALSE
	EndGlobalSection
	GlobalSection(ExtensibilityGlobals) = postSolution
		SolutionGuid = {F9F3763C-2F82-4F6B-A183-BAD7165BB347}
	EndGlobalSection
EndGlobal
